
Microsoft Visual Studio Solution File, Format Version 12.00
# Visual Studio Version 16
VisualStudioVersion = 16.0.30128.74
MinimumVisualStudioVersion = 10.0.40219.1
Project("{FAE04EC0-301F-11D3-BF4B-00C04F79EFBC}") = "Appendesk", "Appendesk.csproj", "{855B5A7A-7372-44F5-9A82-E505B7B181B2}"
EndProject
Global
	GlobalSection(SolutionConfigurationPlatforms) = preSolution
		Debug|Any CPU = Debug|Any CPU
		Release|Any CPU = Release|Any CPU
	EndGlobalSection
	GlobalSection(ProjectConfigurationPlatforms) = postSolution
		{855B5A7A-7372-44F5-9A82-E505B7B181B2}.Debug|Any CPU.ActiveCfg = Debug|Any CPU
		{855B5A7A-7372-44F5-9A82-E505B7B181B2}.Debug|Any CPU.Build.0 = Debug|Any CPU
		{855B5A7A-7372-44F5-9A82-E505B7B181B2}.Release|Any CPU.ActiveCfg = Release|Any CPU
		{855B5A7A-7372-44F5-9A82-E505B7B181B2}.Release|Any CPU.Build.0 = Release|Any CPU
	EndGlobalSection
	GlobalSection(SolutionProperties) = preSolution
		HideSolutionNode = FALSE
	EndGlobalSection
	GlobalSection(ExtensibilityGlobals) = postSolution
		SolutionGuid = {F5CD412A-F624-4E51-AE95-573FC1C5CF01}
	EndGlobalSection
EndGlobal
